
Microsoft Visual Studio Solution File, Format Version 12.00
# Visual Studio Version 17
VisualStudioVersion = 17.5.33627.172
MinimumVisualStudioVersion = 10.0.40219.1
Project("{FAE04EC0-301F-11D3-BF4B-00C04F79EFBC}") = "SchedulerLoadOnDemand", "SchedulerLoadOnDemand.csproj", "{80B9B6CB-BADC-4FE3-A5F7-44F21D2FE76E}"
EndProject
Global
	GlobalSection(SolutionConfigurationPlatforms) = preSolution
		Debug|Any CPU = Debug|Any CPU
		Release|Any CPU = Release|Any CPU
	EndGlobalSection
	GlobalSection(ProjectConfigurationPlatforms) = postSolution
		{80B9B6CB-BADC-4FE3-A5F7-44F21D2FE76E}.Debug|Any CPU.ActiveCfg = Debug|Any CPU
		{80B9B6CB-BADC-4FE3-A5F7-44F21D2FE76E}.Debug|Any CPU.Build.0 = Debug|Any CPU
		{80B9B6CB-BADC-4FE3-A5F7-44F21D2FE76E}.Release|Any CPU.ActiveCfg = Release|Any CPU
		{80B9B6CB-BADC-4FE3-A5F7-44F21D2FE76E}.Release|Any CPU.Build.0 = Release|Any CPU
	EndGlobalSection
	GlobalSection(SolutionProperties) = preSolution
		HideSolutionNode = FALSE
	EndGlobalSection
	GlobalSection(ExtensibilityGlobals) = postSolution
		SolutionGuid = {A5B899BE-6941-414E-9EBA-A8CE37EE60F9}
	EndGlobalSection
EndGlobal
